
Microsoft Visual Studio Solution File, Format Version 12.00
# Visual Studio Version 16
VisualStudioVersion = 16.0.29609.76
MinimumVisualStudioVersion = 10.0.40219.1
Project("{9A19103F-16F7-4668-BE54-9A1E7A4F7556}") = "CompositionRoot.Autofac", "CompositionRoot.Autofac\CompositionRoot.Autofac.csproj", "{3EB745E5-307C-49E0-B41E-BF3807A530EE}"
EndProject
Project("{9A19103F-16F7-4668-BE54-9A1E7A4F7556}") = "Infra.AspNetCoreIdentity", "Infra.AspNetCoreIdentity\Infra.AspNetCoreIdentity.csproj", "{E26820B1-0804-4A18-AFDA-88600CA1AA1E}"
EndProject
Project("{9A19103F-16F7-4668-BE54-9A1E7A4F7556}") = "Infra.EfCore", "Infra.EfCore\Infra.EfCore.csproj", "{D8743F1C-97FB-4749-BED8-AE33839A8E44}"
EndProject
Project("{9A19103F-16F7-4668-BE54-9A1E7A4F7556}") = "Common", "Common\Common.csproj", "{4A43F14C-EB65-4840-BEE7-8C678DD9198C}"
EndProject
Project("{FAE04EC0-301F-11D3-BF4B-00C04F79EFBC}") = "WebsiteHttp", "WebsiteHttp\WebsiteHttp.csproj", "{5E331098-4A61-4014-85F1-DFD7C810B674}"
EndProject
Global
	GlobalSection(SolutionConfigurationPlatforms) = preSolution
		Debug|Any CPU = Debug|Any CPU
		Release|Any CPU = Release|Any CPU
	EndGlobalSection
	GlobalSection(ProjectConfigurationPlatforms) = postSolution
		{3EB745E5-307C-49E0-B41E-BF3807A530EE}.Debug|Any CPU.ActiveCfg = Debug|Any CPU
		{3EB745E5-307C-49E0-B41E-BF3807A530EE}.Debug|Any CPU.Build.0 = Debug|Any CPU
		{3EB745E5-307C-49E0-B41E-BF3807A530EE}.Release|Any CPU.ActiveCfg = Release|Any CPU
		{3EB745E5-307C-49E0-B41E-BF3807A530EE}.Release|Any CPU.Build.0 = Release|Any CPU
		{E26820B1-0804-4A18-AFDA-88600CA1AA1E}.Debug|Any CPU.ActiveCfg = Debug|Any CPU
		{E26820B1-0804-4A18-AFDA-88600CA1AA1E}.Debug|Any CPU.Build.0 = Debug|Any CPU
		{E26820B1-0804-4A18-AFDA-88600CA1AA1E}.Release|Any CPU.ActiveCfg = Release|Any CPU
		{E26820B1-0804-4A18-AFDA-88600CA1AA1E}.Release|Any CPU.Build.0 = Release|Any CPU
		{D8743F1C-97FB-4749-BED8-AE33839A8E44}.Debug|Any CPU.ActiveCfg = Debug|Any CPU
		{D8743F1C-97FB-4749-BED8-AE33839A8E44}.Debug|Any CPU.Build.0 = Debug|Any CPU
		{D8743F1C-97FB-4749-BED8-AE33839A8E44}.Release|Any CPU.ActiveCfg = Release|Any CPU
		{D8743F1C-97FB-4749-BED8-AE33839A8E44}.Release|Any CPU.Build.0 = Release|Any CPU
		{4A43F14C-EB65-4840-BEE7-8C678DD9198C}.Debug|Any CPU.ActiveCfg = Debug|Any CPU
		{4A43F14C-EB65-4840-BEE7-8C678DD9198C}.Debug|Any CPU.Build.0 = Debug|Any CPU
		{4A43F14C-EB65-4840-BEE7-8C678DD9198C}.Release|Any CPU.ActiveCfg = Release|Any CPU
		{4A43F14C-EB65-4840-BEE7-8C678DD9198C}.Release|Any CPU.Build.0 = Release|Any CPU
		{5E331098-4A61-4014-85F1-DFD7C810B674}.Debug|Any CPU.ActiveCfg = Debug|Any CPU
		{5E331098-4A61-4014-85F1-DFD7C810B674}.Debug|Any CPU.Build.0 = Debug|Any CPU
		{5E331098-4A61-4014-85F1-DFD7C810B674}.Release|Any CPU.ActiveCfg = Release|Any CPU
		{5E331098-4A61-4014-85F1-DFD7C810B674}.Release|Any CPU.Build.0 = Release|Any CPU
	EndGlobalSection
	GlobalSection(SolutionProperties) = preSolution
		HideSolutionNode = FALSE
	EndGlobalSection
	GlobalSection(ExtensibilityGlobals) = postSolution
		SolutionGuid = {A0335C8F-52D0-4B87-8E23-E89E9F796D3F}
	EndGlobalSection
EndGlobal
